
Microsoft Visual Studio Solution File, Format Version 12.00
# Visual Studio Version 17
VisualStudioVersion = 17.9.34616.47
MinimumVisualStudioVersion = 10.0.40219.1
Project("{8BC9CEB8-8B4A-11D0-8D11-00A0C91BC942}") = "Пиццерия", "Пиццерия\Пиццерия.vcxproj", "{D67BC1A0-16F9-4F5E-A896-9A5A08B32557}"
EndProject
Global
	GlobalSection(SolutionConfigurationPlatforms) = preSolution
		Debug|x64 = Debug|x64
		Debug|x86 = Debug|x86
		Release|x64 = Release|x64
		Release|x86 = Release|x86
	EndGlobalSection
	GlobalSection(ProjectConfigurationPlatforms) = postSolution
		{D67BC1A0-16F9-4F5E-A896-9A5A08B32557}.Debug|x64.ActiveCfg = Debug|x64
		{D67BC1A0-16F9-4F5E-A896-9A5A08B32557}.Debug|x64.Build.0 = Debug|x64
		{D67BC1A0-16F9-4F5E-A896-9A5A08B32557}.Debug|x86.ActiveCfg = Debug|Win32
		{D67BC1A0-16F9-4F5E-A896-9A5A08B32557}.Debug|x86.Build.0 = Debug|Win32
		{D67BC1A0-16F9-4F5E-A896-9A5A08B32557}.Release|x64.ActiveCfg = Release|x64
		{D67BC1A0-16F9-4F5E-A896-9A5A08B32557}.Release|x64.Build.0 = Release|x64
		{D67BC1A0-16F9-4F5E-A896-9A5A08B32557}.Release|x86.ActiveCfg = Release|Win32
		{D67BC1A0-16F9-4F5E-A896-9A5A08B32557}.Release|x86.Build.0 = Release|Win32
	EndGlobalSection
	GlobalSection(SolutionProperties) = preSolution
		HideSolutionNode = FALSE
	EndGlobalSection
	GlobalSection(ExtensibilityGlobals) = postSolution
		SolutionGuid = {D6E100D1-4BB6-4283-918C-7FF784463A6F}
	EndGlobalSection
EndGlobal
